{
  "name": "dnpuzi",
  "version": "1.0.0",
  "lockfileVersion": 1,
  "requires": true,
  "dependencies": {
    "tfciw.css": {
      "version": "1.0.1",
      "resolved": "https://registry.npmjs.org/tfciw.css/-/tfciw.css-1.0.1.tgz",
      "integrity": "sha512-rovUz0KoQcmzCjm15SqTQSFu7M60TnKA88pln8XpDHlChKnwSfImrvngiB16JvZ60T08ygZzdl4KwrAw2MFxtg=="
    }
  }
}
